
Microsoft Visual Studio Solution File, Format Version 12.00
# Visual Studio Version 17
VisualStudioVersion = 17.7.34031.279
MinimumVisualStudioVersion = 10.0.40219.1
Project("{FAE04EC0-301F-11D3-BF4B-00C04F79EFBC}") = "ScafoldDatabaseFirst", "ScafoldDatabaseFirst\ScafoldDatabaseFirst.csproj", "{DAE6F5E5-E5E2-42E4-B7C7-9FEF987445D9}"
EndProject
Global
	GlobalSection(SolutionConfigurationPlatforms) = preSolution
		Debug|Any CPU = Debug|Any CPU
		Release|Any CPU = Release|Any CPU
	EndGlobalSection
	GlobalSection(ProjectConfigurationPlatforms) = postSolution
		{DAE6F5E5-E5E2-42E4-B7C7-9FEF987445D9}.Debug|Any CPU.ActiveCfg = Debug|Any CPU
		{DAE6F5E5-E5E2-42E4-B7C7-9FEF987445D9}.Debug|Any CPU.Build.0 = Debug|Any CPU
		{DAE6F5E5-E5E2-42E4-B7C7-9FEF987445D9}.Release|Any CPU.ActiveCfg = Release|Any CPU
		{DAE6F5E5-E5E2-42E4-B7C7-9FEF987445D9}.Release|Any CPU.Build.0 = Release|Any CPU
	EndGlobalSection
	GlobalSection(SolutionProperties) = preSolution
		HideSolutionNode = FALSE
	EndGlobalSection
	GlobalSection(ExtensibilityGlobals) = postSolution
		SolutionGuid = {44572678-37B0-4502-8034-06FF363923D9}
	EndGlobalSection
EndGlobal
